github.com/iancoleman/orderedmap v0.2.0 h1:sq1N/TFpYH++aViPcaKjys3bDClUEU7s5B+z6jq8pNA=
github.com/iancoleman/orderedmap v0.2.0/go.mod h1:N0Wam8K1arqPXNWjMo21EXnBPOPp36vB07FNRdD2geA=
github.com/itchyny/json2yaml v0.1.0 h1:kg95RIj+YSeKZtfkqO0JZPa+2qbsPsFVI5q6S1fGM8Q=
github.com/itchyny/json2yaml v0.1.0/go.mod h1:6iudhBZdarpjLFRNj+clWLAkGft+9uCcjAZYXUH9eGI=
