github.com/iancoleman/orderedmap v0.3.0 h1:5cbR2grmZR/DiVt+VJopEhtVs9YGInGIxAoMJn+Ichc=
github.com/iancoleman/orderedmap v0.3.0/go.mod h1:XuLcCUkdL5owUCQeF2Ue9uuw1EptkJDkXXS7VoV7XGE=
github.com/itchyny/json2yaml v0.1.4 h1:/pErVOXGG5iTyXHi/QKR4y3uzhLjGTEmmJIy97YT+k8=
github.com/itchyny/json2yaml v0.1.4/go.mod h1:6iudhBZdarpjLFRNj+clWLAkGft+9uCcjAZYXUH9eGI=
